<?xml version="1.0" encoding="utf-8"?>
<Project ToolsVersion="4.0" xmlns="http://schemas.microsoft.com/developer/msbuild/2003">
  <ItemGroup>
    <ClCompile Include="NROIPChanger.cpp" />
    <ClCompile Include="And64InlineHook\And64InlineHook.cpp">
      <Filter>And64InlineHook</Filter>
    </ClCompile>
    <ClCompile Include="Includes\Utils.cpp">
      <Filter>Includes</Filter>
    </ClCompile>
    <ClCompile Include="Menu\Jni.cpp">
      <Filter>Menu</Filter>
    </ClCompile>
    <ClCompile Include="Menu\Menu.cpp">
      <Filter>Menu</Filter>
    </ClCompile>
    <ClCompile Include="Menu\Setup.cpp">
      <Filter>Menu</Filter>
    </ClCompile>
    <ClCompile Include="Substrate\hde64.c">
      <Filter>Substrate</Filter>
    </ClCompile>
    <ClCompile Include="Substrate\SubstrateDebug.cpp">
      <Filter>Substrate</Filter>
    </ClCompile>
    <ClCompile Include="Substrate\SubstrateHook.cpp">
      <Filter>Substrate</Filter>
    </ClCompile>
    <ClCompile Include="Substrate\SubstratePosixMemory.cpp">
      <Filter>Substrate</Filter>
    </ClCompile>
    <ClCompile Include="Substrate\SymbolFinder.cpp">
      <Filter>Substrate</Filter>
    </ClCompile>
    <ClCompile Include="KittyMemory\KittyMemory.cpp">
      <Filter>KittyMemory</Filter>
    </ClCompile>
  </ItemGroup>
  <ItemGroup>
    <ClInclude Include="NROIPChanger.h" />
    <ClInclude Include="And64InlineHook\And64InlineHook.hpp">
      <Filter>And64InlineHook</Filter>
    </ClInclude>
    <ClInclude Include="Includes\get_device_api_level_inlines.h">
      <Filter>Includes</Filter>
    </ClInclude>
    <ClInclude Include="Includes\Logger.h">
      <Filter>Includes</Filter>
    </ClInclude>
    <ClInclude Include="Includes\Macros.h">
      <Filter>Includes</Filter>
    </ClInclude>
    <ClInclude Include="Includes\Utils.hpp">
      <Filter>Includes</Filter>
    </ClInclude>
    <ClInclude Include="Menu\Jni.hpp">
      <Filter>Menu</Filter>
    </ClInclude>
    <ClInclude Include="Menu\Menu.hpp">
      <Filter>Menu</Filter>
    </ClInclude>
    <ClInclude Include="Substrate\Buffer.hpp">
      <Filter>Substrate</Filter>
    </ClInclude>
    <ClInclude Include="Substrate\CydiaSubstrate.h">
      <Filter>Substrate</Filter>
    </ClInclude>
    <ClInclude Include="Substrate\hde64.h">
      <Filter>Substrate</Filter>
    </ClInclude>
    <ClInclude Include="Substrate\SubstrateARM.hpp">
      <Filter>Substrate</Filter>
    </ClInclude>
    <ClInclude Include="Substrate\SubstrateDebug.hpp">
      <Filter>Substrate</Filter>
    </ClInclude>
    <ClInclude Include="Substrate\SubstrateHook.h">
      <Filter>Substrate</Filter>
    </ClInclude>
    <ClInclude Include="Substrate\SubstrateLog.hpp">
      <Filter>Substrate</Filter>
    </ClInclude>
    <ClInclude Include="Substrate\SubstrateX86.hpp">
      <Filter>Substrate</Filter>
    </ClInclude>
    <ClInclude Include="Substrate\SymbolFinder.h">
      <Filter>Substrate</Filter>
    </ClInclude>
    <ClInclude Include="Substrate\table64.h">
      <Filter>Substrate</Filter>
    </ClInclude>
    <ClInclude Include="utfcpp\utf8.h">
      <Filter>utfcpp</Filter>
    </ClInclude>
    <ClInclude Include="utfcpp\utf8\core.h">
      <Filter>utfcpp\utf8</Filter>
    </ClInclude>
    <ClInclude Include="utfcpp\utf8\cpp11.h">
      <Filter>utfcpp\utf8</Filter>
    </ClInclude>
    <ClInclude Include="utfcpp\utf8\cpp17.h">
      <Filter>utfcpp\utf8</Filter>
    </ClInclude>
    <ClInclude Include="utfcpp\utf8\cpp20.h">
      <Filter>utfcpp\utf8</Filter>
    </ClInclude>
    <ClInclude Include="utfcpp\utf8\checked.h">
      <Filter>utfcpp\utf8</Filter>
    </ClInclude>
    <ClInclude Include="utfcpp\utf8\unchecked.h">
      <Filter>utfcpp\utf8</Filter>
    </ClInclude>
    <ClInclude Include="IL2CPP\il2cpp.h">
      <Filter>IL2CPP</Filter>
    </ClInclude>
    <ClInclude Include="IL2CPP\il2cpp_internals.h">
      <Filter>IL2CPP</Filter>
    </ClInclude>
    <ClInclude Include="EHVNUtils.h" />
    <ClInclude Include="Menu\Setup.hpp">
      <Filter>Menu</Filter>
    </ClInclude>
    <ClInclude Include="KittyMemory\KittyMemory.h">
      <Filter>KittyMemory</Filter>
    </ClInclude>
  </ItemGroup>
  <ItemGroup>
    <Filter Include="And64InlineHook">
      <UniqueIdentifier>{181f9b7b-d728-4c05-b92a-233af41a0d4e}</UniqueIdentifier>
    </Filter>
    <Filter Include="Includes">
      <UniqueIdentifier>{15f21db9-b90b-49d6-a17d-1faf2277a7bb}</UniqueIdentifier>
    </Filter>
    <Filter Include="Java">
      <UniqueIdentifier>{5cc7a568-d9ba-4e5e-bca2-0446905c34ce}</UniqueIdentifier>
    </Filter>
    <Filter Include="KittyMemory">
      <UniqueIdentifier>{df56c902-d8db-4358-81a5-6c8fc8f1a1cf}</UniqueIdentifier>
    </Filter>
    <Filter Include="Menu">
      <UniqueIdentifier>{5ec0976c-a7f0-40dd-8877-cb813216d0d0}</UniqueIdentifier>
    </Filter>
    <Filter Include="Substrate">
      <UniqueIdentifier>{a3da6fc5-823e-4206-8717-7aaeb295bed9}</UniqueIdentifier>
    </Filter>
    <Filter Include="utfcpp">
      <UniqueIdentifier>{6022b83e-da7d-42fb-a5a6-c78c2f10de74}</UniqueIdentifier>
    </Filter>
    <Filter Include="Java\com.ehvn.nroipchanger">
      <UniqueIdentifier>{8a3d3ee3-127a-4339-b5be-f80598365091}</UniqueIdentifier>
    </Filter>
    <Filter Include="utfcpp\utf8">
      <UniqueIdentifier>{1f1e6252-c080-42e5-8e70-28821142f92e}</UniqueIdentifier>
    </Filter>
    <Filter Include="IL2CPP">
      <UniqueIdentifier>{804fdaef-6b67-4719-853b-5604be9e5297}</UniqueIdentifier>
    </Filter>
  </ItemGroup>
  <ItemGroup>
    <None Include="Java\app\src\main\java\com\ehvn\nroipchanger\CrashHandler.java">
      <Filter>Java\com.ehvn.nroipchanger</Filter>
    </None>
    <None Include="Java\app\src\main\java\com\ehvn\nroipchanger\Launcher.java">
      <Filter>Java\com.ehvn.nroipchanger</Filter>
    </None>
    <None Include="Java\app\src\main\java\com\ehvn\nroipchanger\Main.java">
      <Filter>Java\com.ehvn.nroipchanger</Filter>
    </None>
    <None Include="Java\app\src\main\java\com\ehvn\nroipchanger\Menu.java">
      <Filter>Java\com.ehvn.nroipchanger</Filter>
    </None>
    <None Include="Java\app\src\main\java\com\ehvn\nroipchanger\Preferences.java">
      <Filter>Java\com.ehvn.nroipchanger</Filter>
    </None>
    <None Include="Java\app\src\main\java\com\ehvn\nroipchanger\Utils.java">
      <Filter>Java\com.ehvn.nroipchanger</Filter>
    </None>
    <None Include="Java\app\src\main\java\com\ehvn\nroipchanger\Strings.java">
      <Filter>Java\com.ehvn.nroipchanger</Filter>
    </None>
  </ItemGroup>
</Project>