<?xml version="1.0" encoding="utf-8"?>
<Project ToolsVersion="4.0" xmlns="http://schemas.microsoft.com/developer/msbuild/2003">
  <ItemGroup>
    <ClCompile Include="NROIPChanger.cpp" />
    <ClCompile Include="Includes\Utils.cpp">
      <Filter>Includes</Filter>
    </ClCompile>
    <ClCompile Include="Menu\Jni.cpp">
      <Filter>Menu</Filter>
    </ClCompile>
    <ClCompile Include="Menu\Menu.cpp">
      <Filter>Menu</Filter>
    </ClCompile>
    <ClCompile Include="Menu\Setup.cpp">
      <Filter>Menu</Filter>
    </ClCompile>
    <ClCompile Include="Includes\And64InlineHook\And64InlineHook.cpp">
      <Filter>Includes\And64InlineHook</Filter>
    </ClCompile>
    <ClCompile Include="Includes\KittyMemory\KittyMemory.cpp">
      <Filter>Includes\KittyMemory</Filter>
    </ClCompile>
    <ClCompile Include="Includes\Substrate\hde64.c">
      <Filter>Includes\Substrate</Filter>
    </ClCompile>
    <ClCompile Include="Includes\Substrate\SubstrateDebug.cpp">
      <Filter>Includes\Substrate</Filter>
    </ClCompile>
    <ClCompile Include="Includes\Substrate\SubstrateHook.cpp">
      <Filter>Includes\Substrate</Filter>
    </ClCompile>
    <ClCompile Include="Includes\Substrate\SubstratePosixMemory.cpp">
      <Filter>Includes\Substrate</Filter>
    </ClCompile>
    <ClCompile Include="Includes\Substrate\SymbolFinder.cpp">
      <Filter>Includes\Substrate</Filter>
    </ClCompile>
  </ItemGroup>
  <ItemGroup>
    <ClInclude Include="NROIPChanger.h" />
    <ClInclude Include="Includes\get_device_api_level_inlines.h">
      <Filter>Includes</Filter>
    </ClInclude>
    <ClInclude Include="Includes\Logger.h">
      <Filter>Includes</Filter>
    </ClInclude>
    <ClInclude Include="Includes\Macros.h">
      <Filter>Includes</Filter>
    </ClInclude>
    <ClInclude Include="Includes\Utils.hpp">
      <Filter>Includes</Filter>
    </ClInclude>
    <ClInclude Include="Menu\Jni.hpp">
      <Filter>Menu</Filter>
    </ClInclude>
    <ClInclude Include="Menu\Menu.hpp">
      <Filter>Menu</Filter>
    </ClInclude>
    <ClInclude Include="IL2CPP\il2cpp.h">
      <Filter>IL2CPP</Filter>
    </ClInclude>
    <ClInclude Include="IL2CPP\il2cpp_internals.h">
      <Filter>IL2CPP</Filter>
    </ClInclude>
    <ClInclude Include="Menu\Setup.hpp">
      <Filter>Menu</Filter>
    </ClInclude>
    <ClInclude Include="Utils\EHVNUtils.h">
      <Filter>Utils</Filter>
    </ClInclude>
    <ClInclude Include="Includes\AetherimMod\api.hpp">
      <Filter>Includes\AetherimMod</Filter>
    </ClInclude>
    <ClInclude Include="Includes\AetherimMod\class.hpp">
      <Filter>Includes\AetherimMod</Filter>
    </ClInclude>
    <ClInclude Include="Includes\AetherimMod\field.hpp">
      <Filter>Includes\AetherimMod</Filter>
    </ClInclude>
    <ClInclude Include="Includes\AetherimMod\il2cpp_internals.h">
      <Filter>Includes\AetherimMod</Filter>
    </ClInclude>
    <ClInclude Include="Includes\AetherimMod\image.hpp">
      <Filter>Includes\AetherimMod</Filter>
    </ClInclude>
    <ClInclude Include="Includes\AetherimMod\method.hpp">
      <Filter>Includes\AetherimMod</Filter>
    </ClInclude>
    <ClInclude Include="Includes\AetherimMod\table_defs.h">
      <Filter>Includes\AetherimMod</Filter>
    </ClInclude>
    <ClInclude Include="Includes\AetherimMod\type.hpp">
      <Filter>Includes\AetherimMod</Filter>
    </ClInclude>
    <ClInclude Include="Includes\AetherimMod\wrapper.hpp">
      <Filter>Includes\AetherimMod</Filter>
    </ClInclude>
    <ClInclude Include="Includes\And64InlineHook\And64InlineHook.hpp">
      <Filter>Includes\And64InlineHook</Filter>
    </ClInclude>
    <ClInclude Include="Includes\KittyMemory\KittyMemory.h">
      <Filter>Includes\KittyMemory</Filter>
    </ClInclude>
    <ClInclude Include="Includes\Substrate\Buffer.hpp">
      <Filter>Includes\Substrate</Filter>
    </ClInclude>
    <ClInclude Include="Includes\Substrate\CydiaSubstrate.h">
      <Filter>Includes\Substrate</Filter>
    </ClInclude>
    <ClInclude Include="Includes\Substrate\hde64.h">
      <Filter>Includes\Substrate</Filter>
    </ClInclude>
    <ClInclude Include="Includes\Substrate\SubstrateARM.hpp">
      <Filter>Includes\Substrate</Filter>
    </ClInclude>
    <ClInclude Include="Includes\Substrate\SubstrateDebug.hpp">
      <Filter>Includes\Substrate</Filter>
    </ClInclude>
    <ClInclude Include="Includes\Substrate\SubstrateHook.h">
      <Filter>Includes\Substrate</Filter>
    </ClInclude>
    <ClInclude Include="Includes\Substrate\SubstrateLog.hpp">
      <Filter>Includes\Substrate</Filter>
    </ClInclude>
    <ClInclude Include="Includes\Substrate\SubstrateX86.hpp">
      <Filter>Includes\Substrate</Filter>
    </ClInclude>
    <ClInclude Include="Includes\Substrate\SymbolFinder.h">
      <Filter>Includes\Substrate</Filter>
    </ClInclude>
    <ClInclude Include="Includes\Substrate\table64.h">
      <Filter>Includes\Substrate</Filter>
    </ClInclude>
    <ClInclude Include="Includes\utfcpp\utf8\checked.h">
      <Filter>Includes\utfcpp</Filter>
    </ClInclude>
    <ClInclude Include="Includes\utfcpp\utf8\core.h">
      <Filter>Includes\utfcpp</Filter>
    </ClInclude>
    <ClInclude Include="Includes\utfcpp\utf8\cpp11.h">
      <Filter>Includes\utfcpp</Filter>
    </ClInclude>
    <ClInclude Include="Includes\utfcpp\utf8\cpp17.h">
      <Filter>Includes\utfcpp</Filter>
    </ClInclude>
    <ClInclude Include="Includes\utfcpp\utf8\cpp20.h">
      <Filter>Includes\utfcpp</Filter>
    </ClInclude>
    <ClInclude Include="Includes\utfcpp\utf8\unchecked.h">
      <Filter>Includes\utfcpp</Filter>
    </ClInclude>
    <ClInclude Include="Includes\utfcpp\utf8.h">
      <Filter>Includes\utfcpp</Filter>
    </ClInclude>
  </ItemGroup>
  <ItemGroup>
    <Filter Include="Includes">
      <UniqueIdentifier>{15f21db9-b90b-49d6-a17d-1faf2277a7bb}</UniqueIdentifier>
    </Filter>
    <Filter Include="Java">
      <UniqueIdentifier>{5cc7a568-d9ba-4e5e-bca2-0446905c34ce}</UniqueIdentifier>
    </Filter>
    <Filter Include="Menu">
      <UniqueIdentifier>{5ec0976c-a7f0-40dd-8877-cb813216d0d0}</UniqueIdentifier>
    </Filter>
    <Filter Include="Java\com.ehvn.nroipchanger">
      <UniqueIdentifier>{8a3d3ee3-127a-4339-b5be-f80598365091}</UniqueIdentifier>
    </Filter>
    <Filter Include="IL2CPP">
      <UniqueIdentifier>{804fdaef-6b67-4719-853b-5604be9e5297}</UniqueIdentifier>
    </Filter>
    <Filter Include="Utils">
      <UniqueIdentifier>{a4fdd648-ffab-46c3-9e3c-a62a229e15fa}</UniqueIdentifier>
    </Filter>
    <Filter Include="Includes\AetherimMod">
      <UniqueIdentifier>{510394b1-570e-4dfc-8a74-e5bad0f777b2}</UniqueIdentifier>
    </Filter>
    <Filter Include="Includes\And64InlineHook">
      <UniqueIdentifier>{52bfd71d-86f3-42a2-b7bc-5860db34719a}</UniqueIdentifier>
    </Filter>
    <Filter Include="Includes\KittyMemory">
      <UniqueIdentifier>{96f72a41-81d6-4063-8bec-655dda676f76}</UniqueIdentifier>
    </Filter>
    <Filter Include="Includes\Substrate">
      <UniqueIdentifier>{b7e45ab8-2272-467c-b818-ce35f690c0c5}</UniqueIdentifier>
    </Filter>
    <Filter Include="Includes\utfcpp">
      <UniqueIdentifier>{ab80bfbf-0295-4b06-bbd4-00b50d393432}</UniqueIdentifier>
    </Filter>
  </ItemGroup>
  <ItemGroup>
    <None Include="Java\app\src\main\java\com\ehvn\nroipchanger\CrashHandler.java">
      <Filter>Java\com.ehvn.nroipchanger</Filter>
    </None>
    <None Include="Java\app\src\main\java\com\ehvn\nroipchanger\Launcher.java">
      <Filter>Java\com.ehvn.nroipchanger</Filter>
    </None>
    <None Include="Java\app\src\main\java\com\ehvn\nroipchanger\Main.java">
      <Filter>Java\com.ehvn.nroipchanger</Filter>
    </None>
    <None Include="Java\app\src\main\java\com\ehvn\nroipchanger\Menu.java">
      <Filter>Java\com.ehvn.nroipchanger</Filter>
    </None>
    <None Include="Java\app\src\main\java\com\ehvn\nroipchanger\Preferences.java">
      <Filter>Java\com.ehvn.nroipchanger</Filter>
    </None>
    <None Include="Java\app\src\main\java\com\ehvn\nroipchanger\Utils.java">
      <Filter>Java\com.ehvn.nroipchanger</Filter>
    </None>
    <None Include="Java\app\src\main\java\com\ehvn\nroipchanger\Strings.java">
      <Filter>Java\com.ehvn.nroipchanger</Filter>
    </None>
  </ItemGroup>
</Project>