<?xml version="1.0" encoding="utf-8"?>
<Project ToolsVersion="4.0" xmlns="http://schemas.microsoft.com/developer/msbuild/2003">
  <ItemGroup>
    <Filter Include="Source Files">
      <UniqueIdentifier>{4FC737F1-C7A5-4376-A066-2A32D752A2FF}</UniqueIdentifier>
      <Extensions>cpp;c;cc;cxx;c++;cppm;ixx;def;odl;idl;hpj;bat;asm;asmx</Extensions>
    </Filter>
    <Filter Include="Header Files">
      <UniqueIdentifier>{93995380-89BD-4b04-88EB-625FBE52EBFB}</UniqueIdentifier>
      <Extensions>h;hh;hpp;hxx;h++;hm;inl;inc;ipp;xsd</Extensions>
    </Filter>
    <Filter Include="Resource Files">
      <UniqueIdentifier>{67DA6AB6-F800-4c08-8B7A-83BB121AAD01}</UniqueIdentifier>
      <Extensions>rc;ico;cur;bmp;dlg;rc2;rct;bin;rgs;gif;jpg;jpeg;jpe;resx;tiff;tif;png;wav;mfcribbon-ms</Extensions>
    </Filter>
    <Filter Include="AetherimMod">
      <UniqueIdentifier>{bf0408c7-c158-44c1-86ad-5abe1dc49db7}</UniqueIdentifier>
    </Filter>
    <Filter Include="MinHookMod">
      <UniqueIdentifier>{5c81c03e-b417-4478-a037-ecb0aff8f1ee}</UniqueIdentifier>
    </Filter>
    <Filter Include="MinHookMod\hde">
      <UniqueIdentifier>{cdd9efcf-8279-4c4e-88dc-f73ce1670a97}</UniqueIdentifier>
    </Filter>
  </ItemGroup>
  <ItemGroup>
    <ClInclude Include="framework.h">
      <Filter>Header Files</Filter>
    </ClInclude>
    <ClInclude Include="AetherimMod\api.hpp">
      <Filter>AetherimMod</Filter>
    </ClInclude>
    <ClInclude Include="AetherimMod\class.hpp">
      <Filter>AetherimMod</Filter>
    </ClInclude>
    <ClInclude Include="AetherimMod\field.hpp">
      <Filter>AetherimMod</Filter>
    </ClInclude>
    <ClInclude Include="AetherimMod\il2cpp_internals.h">
      <Filter>AetherimMod</Filter>
    </ClInclude>
    <ClInclude Include="AetherimMod\image.hpp">
      <Filter>AetherimMod</Filter>
    </ClInclude>
    <ClInclude Include="AetherimMod\method.hpp">
      <Filter>AetherimMod</Filter>
    </ClInclude>
    <ClInclude Include="AetherimMod\table_defs.h">
      <Filter>AetherimMod</Filter>
    </ClInclude>
    <ClInclude Include="AetherimMod\type.hpp">
      <Filter>AetherimMod</Filter>
    </ClInclude>
    <ClInclude Include="AetherimMod\wrapper.hpp">
      <Filter>AetherimMod</Filter>
    </ClInclude>
    <ClInclude Include="MinHookMod\buffer.h">
      <Filter>MinHookMod</Filter>
    </ClInclude>
    <ClInclude Include="MinHookMod\mhook.h">
      <Filter>MinHookMod</Filter>
    </ClInclude>
    <ClInclude Include="MinHookMod\trampoline.h">
      <Filter>MinHookMod</Filter>
    </ClInclude>
    <ClInclude Include="MinHookMod\hde\hde32.h">
      <Filter>MinHookMod\hde</Filter>
    </ClInclude>
    <ClInclude Include="MinHookMod\hde\hde64.h">
      <Filter>MinHookMod\hde</Filter>
    </ClInclude>
    <ClInclude Include="MinHookMod\hde\table64.h">
      <Filter>MinHookMod\hde</Filter>
    </ClInclude>
    <ClInclude Include="MinHookMod\hde\table32.h">
      <Filter>MinHookMod\hde</Filter>
    </ClInclude>
    <ClInclude Include="MinHookMod\hde\pstdint.h">
      <Filter>MinHookMod\hde</Filter>
    </ClInclude>
    <ClInclude Include="utils.h">
      <Filter>Header Files</Filter>
    </ClInclude>
    <ClInclude Include="hook.h">
      <Filter>Header Files</Filter>
    </ClInclude>
    <ClInclude Include="resource.h">
      <Filter>Header Files</Filter>
    </ClInclude>
  </ItemGroup>
  <ItemGroup>
    <ClCompile Include="dllmain.cpp">
      <Filter>Source Files</Filter>
    </ClCompile>
    <ClCompile Include="MinHookMod\buffer.c">
      <Filter>MinHookMod</Filter>
    </ClCompile>
    <ClCompile Include="MinHookMod\mhook.c">
      <Filter>MinHookMod</Filter>
    </ClCompile>
    <ClCompile Include="MinHookMod\trampoline.c">
      <Filter>MinHookMod</Filter>
    </ClCompile>
    <ClCompile Include="MinHookMod\hde\hde32.c">
      <Filter>MinHookMod\hde</Filter>
    </ClCompile>
    <ClCompile Include="MinHookMod\hde\hde64.c">
      <Filter>MinHookMod\hde</Filter>
    </ClCompile>
    <ClCompile Include="hook.cpp">
      <Filter>Source Files</Filter>
    </ClCompile>
    <ClCompile Include="il2cpp.h">
      <Filter>Header Files</Filter>
    </ClCompile>
    <ClCompile Include="utils.cpp">
      <Filter>Source Files</Filter>
    </ClCompile>
  </ItemGroup>
  <ItemGroup>
    <ResourceCompile Include="Resource.rc">
      <Filter>Resource Files</Filter>
    </ResourceCompile>
  </ItemGroup>
</Project>